
Microsoft Visual Studio Solution File, Format Version 12.00
# Visual Studio Version 17
VisualStudioVersion = 17.0.31903.59
MinimumVisualStudioVersion = 10.0.40219.1
Project("{2150E333-8FDC-42A3-9474-1A3956D46DE8}") = "src", "src", "{4870C688-0678-4BAB-B3BD-A638ACFFD82D}"
EndProject
Project("{FAE04EC0-301F-11D3-BF4B-00C04F79EFBC}") = "Reconnects.Api", "src\Reconnects.Api\Reconnects.Api.csproj", "{F5815105-59AE-4525-828F-0DBB7CEE803A}"
EndProject
Global
	GlobalSection(SolutionConfigurationPlatforms) = preSolution
		Debug|Any CPU = Debug|Any CPU
		Release|Any CPU = Release|Any CPU
	EndGlobalSection
	GlobalSection(SolutionProperties) = preSolution
		HideSolutionNode = FALSE
	EndGlobalSection
	GlobalSection(ProjectConfigurationPlatforms) = postSolution
		{F5815105-59AE-4525-828F-0DBB7CEE803A}.Debug|Any CPU.ActiveCfg = Debug|Any CPU
		{F5815105-59AE-4525-828F-0DBB7CEE803A}.Debug|Any CPU.Build.0 = Debug|Any CPU
		{F5815105-59AE-4525-828F-0DBB7CEE803A}.Release|Any CPU.ActiveCfg = Release|Any CPU
		{F5815105-59AE-4525-828F-0DBB7CEE803A}.Release|Any CPU.Build.0 = Release|Any CPU
	EndGlobalSection
	GlobalSection(NestedProjects) = preSolution
		{F5815105-59AE-4525-828F-0DBB7CEE803A} = {4870C688-0678-4BAB-B3BD-A638ACFFD82D}
	EndGlobalSection
EndGlobal
